// !$*UTF8*$!
{
	archiveVersion = 1;
	classes = {
	};
	objectVersion = 50;
	objects = {

/* Begin PBXBuildFile section */
		EB13F34A24D66FE900556794 /* ThisYearView.swift in Sources */ = {isa = PBXBuildFile; fileRef = EB13F34924D66FE900556794 /* ThisYearView.swift */; };
		EB13F34B24D66FE900556794 /* ThisYearView.swift in Sources */ = {isa = PBXBuildFile; fileRef = EB13F34924D66FE900556794 /* ThisYearView.swift */; };
		EB17F15C24DF453E00DBEC3A /* YearCard.swift in Sources */ = {isa = PBXBuildFile; fileRef = EB17F15B24DF453E00DBEC3A /* YearCard.swift */; };
		EB17F15D24DF453E00DBEC3A /* YearCard.swift in Sources */ = {isa = PBXBuildFile; fileRef = EB17F15B24DF453E00DBEC3A /* YearCard.swift */; };
		EB17F15F24DF492F00DBEC3A /* YearlySummaryView.swift in Sources */ = {isa = PBXBuildFile; fileRef = EB17F15E24DF492F00DBEC3A /* YearlySummaryView.swift */; };
		EB17F16024DF492F00DBEC3A /* YearlySummaryView.swift in Sources */ = {isa = PBXBuildFile; fileRef = EB17F15E24DF492F00DBEC3A /* YearlySummaryView.swift */; };
		EB4D1AC924D21328006DAE8C /* Tests_iOS.swift in Sources */ = {isa = PBXBuildFile; fileRef = EB4D1AC824D21328006DAE8C /* Tests_iOS.swift */; };
		EB4D1AD424D21328006DAE8C /* Tests_macOS.swift in Sources */ = {isa = PBXBuildFile; fileRef = EB4D1AD324D21328006DAE8C /* Tests_macOS.swift */; };
		EB4D1AD624D21328006DAE8C /* EsthersBooksApp.swift in Sources */ = {isa = PBXBuildFile; fileRef = EB4D1AAD24D21328006DAE8C /* EsthersBooksApp.swift */; };
		EB4D1AD724D21328006DAE8C /* EsthersBooksApp.swift in Sources */ = {isa = PBXBuildFile; fileRef = EB4D1AAD24D21328006DAE8C /* EsthersBooksApp.swift */; };
		EB4D1ADA24D21328006DAE8C /* Assets.xcassets in Resources */ = {isa = PBXBuildFile; fileRef = EB4D1AAF24D21328006DAE8C /* Assets.xcassets */; };
		EB4D1ADB24D21328006DAE8C /* Assets.xcassets in Resources */ = {isa = PBXBuildFile; fileRef = EB4D1AAF24D21328006DAE8C /* Assets.xcassets */; };
		EB4D1AEC24D2146C006DAE8C /* SampleData.swift in Sources */ = {isa = PBXBuildFile; fileRef = EB4D1AEB24D2146C006DAE8C /* SampleData.swift */; };
		EB4D1AF624D21476006DAE8C /* sampleBooks.json in Resources */ = {isa = PBXBuildFile; fileRef = EB4D1AED24D21476006DAE8C /* sampleBooks.json */; };
		EB4D1AF724D21476006DAE8C /* range.jpg in Resources */ = {isa = PBXBuildFile; fileRef = EB4D1AEE24D21476006DAE8C /* range.jpg */; };
		EB4D1AF824D21476006DAE8C /* vanity-fair.jpg in Resources */ = {isa = PBXBuildFile; fileRef = EB4D1AEF24D21476006DAE8C /* vanity-fair.jpg */; };
		EB4D1AF924D21476006DAE8C /* 12-rules-for-life.jpg in Resources */ = {isa = PBXBuildFile; fileRef = EB4D1AF024D21476006DAE8C /* 12-rules-for-life.jpg */; };
		EB4D1AFA24D21476006DAE8C /* justice-awakening.jpg in Resources */ = {isa = PBXBuildFile; fileRef = EB4D1AF124D21476006DAE8C /* justice-awakening.jpg */; };
		EB4D1AFB24D21476006DAE8C /* antiracist.jpg in Resources */ = {isa = PBXBuildFile; fileRef = EB4D1AF224D21476006DAE8C /* antiracist.jpg */; };
		EB4D1AFC24D21476006DAE8C /* radical-candor.jpg in Resources */ = {isa = PBXBuildFile; fileRef = EB4D1AF324D21476006DAE8C /* radical-candor.jpg */; };
		EB4D1AFD24D21476006DAE8C /* weight-of-glory.jpg in Resources */ = {isa = PBXBuildFile; fileRef = EB4D1AF424D21476006DAE8C /* weight-of-glory.jpg */; };
		EB4D1AFE24D21476006DAE8C /* prodigal-prophet.jpg in Resources */ = {isa = PBXBuildFile; fileRef = EB4D1AF524D21476006DAE8C /* prodigal-prophet.jpg */; };
		EB4D1B0124D214B0006DAE8C /* Book.swift in Sources */ = {isa = PBXBuildFile; fileRef = EB4D1B0024D214B0006DAE8C /* Book.swift */; };
		EB4D1B0724D214EC006DAE8C /* BookCard.swift in Sources */ = {isa = PBXBuildFile; fileRef = EB4D1B0324D214EC006DAE8C /* BookCard.swift */; };
		EB4D1B0824D214EC006DAE8C /* BookDetail.swift in Sources */ = {isa = PBXBuildFile; fileRef = EB4D1B0424D214EC006DAE8C /* BookDetail.swift */; };
		EB4D1B0924D214EC006DAE8C /* BookList.swift in Sources */ = {isa = PBXBuildFile; fileRef = EB4D1B0524D214EC006DAE8C /* BookList.swift */; };
		EB6086DD24D7B24C00E06CFC /* LibraryView.swift in Sources */ = {isa = PBXBuildFile; fileRef = EB6086DC24D7B24C00E06CFC /* LibraryView.swift */; };
		EB6086DE24D7B24C00E06CFC /* LibraryView.swift in Sources */ = {isa = PBXBuildFile; fileRef = EB6086DC24D7B24C00E06CFC /* LibraryView.swift */; };
		EB62983824D21AA70008C43B /* Home.swift in Sources */ = {isa = PBXBuildFile; fileRef = EB62983724D21AA70008C43B /* Home.swift */; };
		EB62983924D21AD70008C43B /* BookList.swift in Sources */ = {isa = PBXBuildFile; fileRef = EB4D1B0524D214EC006DAE8C /* BookList.swift */; };
		EB62983A24D21AD70008C43B /* BookDetail.swift in Sources */ = {isa = PBXBuildFile; fileRef = EB4D1B0424D214EC006DAE8C /* BookDetail.swift */; };
		EB62983B24D21AD70008C43B /* BookCard.swift in Sources */ = {isa = PBXBuildFile; fileRef = EB4D1B0324D214EC006DAE8C /* BookCard.swift */; };
		EB62983D24D21ADA0008C43B /* Home.swift in Sources */ = {isa = PBXBuildFile; fileRef = EB62983724D21AA70008C43B /* Home.swift */; };
		EB62983E24D21ADD0008C43B /* Book.swift in Sources */ = {isa = PBXBuildFile; fileRef = EB4D1B0024D214B0006DAE8C /* Book.swift */; };
		EB62983F24D21AE20008C43B /* SampleData.swift in Sources */ = {isa = PBXBuildFile; fileRef = EB4D1AEB24D2146C006DAE8C /* SampleData.swift */; };
		EB62984024D21AEB0008C43B /* justice-awakening.jpg in Resources */ = {isa = PBXBuildFile; fileRef = EB4D1AF124D21476006DAE8C /* justice-awakening.jpg */; };
		EB62984124D21AEB0008C43B /* prodigal-prophet.jpg in Resources */ = {isa = PBXBuildFile; fileRef = EB4D1AF524D21476006DAE8C /* prodigal-prophet.jpg */; };
		EB62984224D21AEB0008C43B /* radical-candor.jpg in Resources */ = {isa = PBXBuildFile; fileRef = EB4D1AF324D21476006DAE8C /* radical-candor.jpg */; };
		EB62984324D21AEB0008C43B /* 12-rules-for-life.jpg in Resources */ = {isa = PBXBuildFile; fileRef = EB4D1AF024D21476006DAE8C /* 12-rules-for-life.jpg */; };
		EB62984424D21AEB0008C43B /* weight-of-glory.jpg in Resources */ = {isa = PBXBuildFile; fileRef = EB4D1AF424D21476006DAE8C /* weight-of-glory.jpg */; };
		EB62984524D21AEB0008C43B /* antiracist.jpg in Resources */ = {isa = PBXBuildFile; fileRef = EB4D1AF224D21476006DAE8C /* antiracist.jpg */; };
		EB62984624D21AEB0008C43B /* vanity-fair.jpg in Resources */ = {isa = PBXBuildFile; fileRef = EB4D1AEF24D21476006DAE8C /* vanity-fair.jpg */; };
		EB62984724D21AEB0008C43B /* sampleBooks.json in Resources */ = {isa = PBXBuildFile; fileRef = EB4D1AED24D21476006DAE8C /* sampleBooks.json */; };
		EB62984824D21AEB0008C43B /* range.jpg in Resources */ = {isa = PBXBuildFile; fileRef = EB4D1AEE24D21476006DAE8C /* range.jpg */; };
		EBBA414024E2314100D49A84 /* ColorExtensions.swift in Sources */ = {isa = PBXBuildFile; fileRef = EBBA413F24E2314100D49A84 /* ColorExtensions.swift */; };
		EBBA414424E241E500D49A84 /* ColorExtensions.swift in Sources */ = {isa = PBXBuildFile; fileRef = EBBA413F24E2314100D49A84 /* ColorExtensions.swift */; };
		EBBC4AE924DA5F6C0005E46E /* BooksView.swift in Sources */ = {isa = PBXBuildFile; fileRef = EBBC4AE824DA5F6C0005E46E /* BooksView.swift */; };
		EBBC4AEA24DA5F6C0005E46E /* BooksView.swift in Sources */ = {isa = PBXBuildFile; fileRef = EBBC4AE824DA5F6C0005E46E /* BooksView.swift */; };
		EBC0798224E8314300BDD546 /* TokenAPI.swift in Sources */ = {isa = PBXBuildFile; fileRef = EBC0798124E8314300BDD546 /* TokenAPI.swift */; };
		EBC0798324E8314300BDD546 /* TokenAPI.swift in Sources */ = {isa = PBXBuildFile; fileRef = EBC0798124E8314300BDD546 /* TokenAPI.swift */; };
		EBC0798524E8335900BDD546 /* APIConstants.swift in Sources */ = {isa = PBXBuildFile; fileRef = EBC0798424E8335900BDD546 /* APIConstants.swift */; };
		EBC0798624E8335900BDD546 /* APIConstants.swift in Sources */ = {isa = PBXBuildFile; fileRef = EBC0798424E8335900BDD546 /* APIConstants.swift */; };
		EBC0798824E8453F00BDD546 /* Token.swift in Sources */ = {isa = PBXBuildFile; fileRef = EBC0798724E8453F00BDD546 /* Token.swift */; };
		EBC0798924E8453F00BDD546 /* Token.swift in Sources */ = {isa = PBXBuildFile; fileRef = EBC0798724E8453F00BDD546 /* Token.swift */; };
		EBC0798C24E849E200BDD546 /* LoginView.swift in Sources */ = {isa = PBXBuildFile; fileRef = EBC0798B24E849E200BDD546 /* LoginView.swift */; };
		EBC0798D24E849E200BDD546 /* LoginView.swift in Sources */ = {isa = PBXBuildFile; fileRef = EBC0798B24E849E200BDD546 /* LoginView.swift */; };
/* End PBXBuildFile section */

/* Begin PBXContainerItemProxy section */
		EB4D1AC524D21328006DAE8C /* PBXContainerItemProxy */ = {
			isa = PBXContainerItemProxy;
			containerPortal = EB4D1AA824D21328006DAE8C /* Project object */;
			proxyType = 1;
			remoteGlobalIDString = EB4D1AB324D21328006DAE8C;
			remoteInfo = "EsthersBooks (iOS)";
		};
		EB4D1AD024D21328006DAE8C /* PBXContainerItemProxy */ = {
			isa = PBXContainerItemProxy;
			containerPortal = EB4D1AA824D21328006DAE8C /* Project object */;
			proxyType = 1;
			remoteGlobalIDString = EB4D1ABB24D21328006DAE8C;
			remoteInfo = "EsthersBooks (macOS)";
		};
/* End PBXContainerItemProxy section */

/* Begin PBXFileReference section */
		EB13F34924D66FE900556794 /* ThisYearView.swift */ = {isa = PBXFileReference; lastKnownFileType = sourcecode.swift; path = ThisYearView.swift; sourceTree = "<group>"; };
		EB17F15B24DF453E00DBEC3A /* YearCard.swift */ = {isa = PBXFileReference; lastKnownFileType = sourcecode.swift; path = YearCard.swift; sourceTree = "<group>"; };
		EB17F15E24DF492F00DBEC3A /* YearlySummaryView.swift */ = {isa = PBXFileReference; lastKnownFileType = sourcecode.swift; path = YearlySummaryView.swift; sourceTree = "<group>"; };
		EB4D1AAD24D21328006DAE8C /* EsthersBooksApp.swift */ = {isa = PBXFileReference; lastKnownFileType = sourcecode.swift; path = EsthersBooksApp.swift; sourceTree = "<group>"; };
		EB4D1AAF24D21328006DAE8C /* Assets.xcassets */ = {isa = PBXFileReference; lastKnownFileType = folder.assetcatalog; path = Assets.xcassets; sourceTree = "<group>"; };
		EB4D1AB424D21328006DAE8C /* EsthersBooks.app */ = {isa = PBXFileReference; explicitFileType = wrapper.application; includeInIndex = 0; path = EsthersBooks.app; sourceTree = BUILT_PRODUCTS_DIR; };
		EB4D1AB724D21328006DAE8C /* Info.plist */ = {isa = PBXFileReference; lastKnownFileType = text.plist.xml; path = Info.plist; sourceTree = "<group>"; };
		EB4D1ABC24D21328006DAE8C /* EsthersBooks.app */ = {isa = PBXFileReference; explicitFileType = wrapper.application; includeInIndex = 0; path = EsthersBooks.app; sourceTree = BUILT_PRODUCTS_DIR; };
		EB4D1ABE24D21328006DAE8C /* Info.plist */ = {isa = PBXFileReference; lastKnownFileType = text.plist.xml; path = Info.plist; sourceTree = "<group>"; };
		EB4D1ABF24D21328006DAE8C /* macOS.entitlements */ = {isa = PBXFileReference; lastKnownFileType = text.plist.entitlements; path = macOS.entitlements; sourceTree = "<group>"; };
		EB4D1AC424D21328006DAE8C /* Tests iOS.xctest */ = {isa = PBXFileReference; explicitFileType = wrapper.cfbundle; includeInIndex = 0; path = "Tests iOS.xctest"; sourceTree = BUILT_PRODUCTS_DIR; };
		EB4D1AC824D21328006DAE8C /* Tests_iOS.swift */ = {isa = PBXFileReference; lastKnownFileType = sourcecode.swift; path = Tests_iOS.swift; sourceTree = "<group>"; };
		EB4D1ACA24D21328006DAE8C /* Info.plist */ = {isa = PBXFileReference; lastKnownFileType = text.plist.xml; path = Info.plist; sourceTree = "<group>"; };
		EB4D1ACF24D21328006DAE8C /* Tests macOS.xctest */ = {isa = PBXFileReference; explicitFileType = wrapper.cfbundle; includeInIndex = 0; path = "Tests macOS.xctest"; sourceTree = BUILT_PRODUCTS_DIR; };
		EB4D1AD324D21328006DAE8C /* Tests_macOS.swift */ = {isa = PBXFileReference; lastKnownFileType = sourcecode.swift; path = Tests_macOS.swift; sourceTree = "<group>"; };
		EB4D1AD524D21328006DAE8C /* Info.plist */ = {isa = PBXFileReference; lastKnownFileType = text.plist.xml; path = Info.plist; sourceTree = "<group>"; };
		EB4D1AEB24D2146C006DAE8C /* SampleData.swift */ = {isa = PBXFileReference; fileEncoding = 4; lastKnownFileType = sourcecode.swift; path = SampleData.swift; sourceTree = "<group>"; };
		EB4D1AED24D21476006DAE8C /* sampleBooks.json */ = {isa = PBXFileReference; fileEncoding = 4; lastKnownFileType = text.json; path = sampleBooks.json; sourceTree = "<group>"; };
		EB4D1AEE24D21476006DAE8C /* range.jpg */ = {isa = PBXFileReference; lastKnownFileType = image.jpeg; path = range.jpg; sourceTree = "<group>"; };
		EB4D1AEF24D21476006DAE8C /* vanity-fair.jpg */ = {isa = PBXFileReference; lastKnownFileType = image.jpeg; path = "vanity-fair.jpg"; sourceTree = "<group>"; };
		EB4D1AF024D21476006DAE8C /* 12-rules-for-life.jpg */ = {isa = PBXFileReference; lastKnownFileType = image.jpeg; path = "12-rules-for-life.jpg"; sourceTree = "<group>"; };
		EB4D1AF124D21476006DAE8C /* justice-awakening.jpg */ = {isa = PBXFileReference; lastKnownFileType = image.jpeg; path = "justice-awakening.jpg"; sourceTree = "<group>"; };
		EB4D1AF224D21476006DAE8C /* antiracist.jpg */ = {isa = PBXFileReference; lastKnownFileType = image.jpeg; path = antiracist.jpg; sourceTree = "<group>"; };
		EB4D1AF324D21476006DAE8C /* radical-candor.jpg */ = {isa = PBXFileReference; lastKnownFileType = image.jpeg; path = "radical-candor.jpg"; sourceTree = "<group>"; };
		EB4D1AF424D21476006DAE8C /* weight-of-glory.jpg */ = {isa = PBXFileReference; lastKnownFileType = image.jpeg; path = "weight-of-glory.jpg"; sourceTree = "<group>"; };
		EB4D1AF524D21476006DAE8C /* prodigal-prophet.jpg */ = {isa = PBXFileReference; lastKnownFileType = image.jpeg; path = "prodigal-prophet.jpg"; sourceTree = "<group>"; };
		EB4D1B0024D214B0006DAE8C /* Book.swift */ = {isa = PBXFileReference; fileEncoding = 4; lastKnownFileType = sourcecode.swift; path = Book.swift; sourceTree = "<group>"; };
		EB4D1B0324D214EC006DAE8C /* BookCard.swift */ = {isa = PBXFileReference; fileEncoding = 4; lastKnownFileType = sourcecode.swift; path = BookCard.swift; sourceTree = "<group>"; };
		EB4D1B0424D214EC006DAE8C /* BookDetail.swift */ = {isa = PBXFileReference; fileEncoding = 4; lastKnownFileType = sourcecode.swift; path = BookDetail.swift; sourceTree = "<group>"; };
		EB4D1B0524D214EC006DAE8C /* BookList.swift */ = {isa = PBXFileReference; fileEncoding = 4; lastKnownFileType = sourcecode.swift; path = BookList.swift; sourceTree = "<group>"; };
		EB6086DC24D7B24C00E06CFC /* LibraryView.swift */ = {isa = PBXFileReference; lastKnownFileType = sourcecode.swift; path = LibraryView.swift; sourceTree = "<group>"; };
		EB62983724D21AA70008C43B /* Home.swift */ = {isa = PBXFileReference; fileEncoding = 4; lastKnownFileType = sourcecode.swift; path = Home.swift; sourceTree = "<group>"; };
		EBBA413F24E2314100D49A84 /* ColorExtensions.swift */ = {isa = PBXFileReference; lastKnownFileType = sourcecode.swift; path = ColorExtensions.swift; sourceTree = "<group>"; };
		EBBC4AE824DA5F6C0005E46E /* BooksView.swift */ = {isa = PBXFileReference; lastKnownFileType = sourcecode.swift; path = BooksView.swift; sourceTree = "<group>"; };
		EBC0798124E8314300BDD546 /* TokenAPI.swift */ = {isa = PBXFileReference; lastKnownFileType = sourcecode.swift; path = TokenAPI.swift; sourceTree = "<group>"; };
		EBC0798424E8335900BDD546 /* APIConstants.swift */ = {isa = PBXFileReference; lastKnownFileType = sourcecode.swift; path = APIConstants.swift; sourceTree = "<group>"; };
		EBC0798724E8453F00BDD546 /* Token.swift */ = {isa = PBXFileReference; lastKnownFileType = sourcecode.swift; path = Token.swift; sourceTree = "<group>"; };
		EBC0798B24E849E200BDD546 /* LoginView.swift */ = {isa = PBXFileReference; lastKnownFileType = sourcecode.swift; path = LoginView.swift; sourceTree = "<group>"; };
/* End PBXFileReference section */

/* Begin PBXFrameworksBuildPhase section */
		EB4D1AB124D21328006DAE8C /* Frameworks */ = {
			isa = PBXFrameworksBuildPhase;
			buildActionMask = 2147483647;
			files = (
			);
			runOnlyForDeploymentPostprocessing = 0;
		};
		EB4D1AB924D21328006DAE8C /* Frameworks */ = {
			isa = PBXFrameworksBuildPhase;
			buildActionMask = 2147483647;
			files = (
			);
			runOnlyForDeploymentPostprocessing = 0;
		};
		EB4D1AC124D21328006DAE8C /* Frameworks */ = {
			isa = PBXFrameworksBuildPhase;
			buildActionMask = 2147483647;
			files = (
			);
			runOnlyForDeploymentPostprocessing = 0;
		};
		EB4D1ACC24D21328006DAE8C /* Frameworks */ = {
			isa = PBXFrameworksBuildPhase;
			buildActionMask = 2147483647;
			files = (
			);
			runOnlyForDeploymentPostprocessing = 0;
		};
/* End PBXFrameworksBuildPhase section */

/* Begin PBXGroup section */
		EB4D1AA724D21328006DAE8C = {
			isa = PBXGroup;
			children = (
				EB4D1AAC24D21328006DAE8C /* Shared */,
				EB4D1AB624D21328006DAE8C /* iOS */,
				EB4D1ABD24D21328006DAE8C /* macOS */,
				EB4D1AC724D21328006DAE8C /* Tests iOS */,
				EB4D1AD224D21328006DAE8C /* Tests macOS */,
				EB4D1AB524D21328006DAE8C /* Products */,
			);
			sourceTree = "<group>";
		};
		EB4D1AAC24D21328006DAE8C /* Shared */ = {
			isa = PBXGroup;
			children = (
				EB4D1AAD24D21328006DAE8C /* EsthersBooksApp.swift */,
				EB4D1AAF24D21328006DAE8C /* Assets.xcassets */,
				EB4D1B0224D214DB006DAE8C /* Books */,
				EB4D1B0B24D214FD006DAE8C /* Home */,
				EB6086DB24D7B21C00E06CFC /* Library */,
				EBC0798A24E849D100BDD546 /* Login */,
				EB4D1AFF24D214A3006DAE8C /* Models */,
				EBC0798024E8312800BDD546 /* API */,
				EBBA413E24E2312900D49A84 /* Utils */,
				EB4D1AEA24D21452006DAE8C /* SampleData */,
			);
			path = Shared;
			sourceTree = "<group>";
		};
		EB4D1AB524D21328006DAE8C /* Products */ = {
			isa = PBXGroup;
			children = (
				EB4D1AB424D21328006DAE8C /* EsthersBooks.app */,
				EB4D1ABC24D21328006DAE8C /* EsthersBooks.app */,
				EB4D1AC424D21328006DAE8C /* Tests iOS.xctest */,
				EB4D1ACF24D21328006DAE8C /* Tests macOS.xctest */,
			);
			name = Products;
			sourceTree = "<group>";
		};
		EB4D1AB624D21328006DAE8C /* iOS */ = {
			isa = PBXGroup;
			children = (
				EB4D1AB724D21328006DAE8C /* Info.plist */,
			);
			path = iOS;
			sourceTree = "<group>";
		};
		EB4D1ABD24D21328006DAE8C /* macOS */ = {
			isa = PBXGroup;
			children = (
				EB4D1ABE24D21328006DAE8C /* Info.plist */,
				EB4D1ABF24D21328006DAE8C /* macOS.entitlements */,
			);
			path = macOS;
			sourceTree = "<group>";
		};
		EB4D1AC724D21328006DAE8C /* Tests iOS */ = {
			isa = PBXGroup;
			children = (
				EB4D1AC824D21328006DAE8C /* Tests_iOS.swift */,
				EB4D1ACA24D21328006DAE8C /* Info.plist */,
			);
			path = "Tests iOS";
			sourceTree = "<group>";
		};
		EB4D1AD224D21328006DAE8C /* Tests macOS */ = {
			isa = PBXGroup;
			children = (
				EB4D1AD324D21328006DAE8C /* Tests_macOS.swift */,
				EB4D1AD524D21328006DAE8C /* Info.plist */,
			);
			path = "Tests macOS";
			sourceTree = "<group>";
		};
		EB4D1AEA24D21452006DAE8C /* SampleData */ = {
			isa = PBXGroup;
			children = (
				EB4D1AEB24D2146C006DAE8C /* SampleData.swift */,
				EB4D1AED24D21476006DAE8C /* sampleBooks.json */,
				EB4D1AF024D21476006DAE8C /* 12-rules-for-life.jpg */,
				EB4D1AF224D21476006DAE8C /* antiracist.jpg */,
				EB4D1AF124D21476006DAE8C /* justice-awakening.jpg */,
				EB4D1AF524D21476006DAE8C /* prodigal-prophet.jpg */,
				EB4D1AF324D21476006DAE8C /* radical-candor.jpg */,
				EB4D1AEE24D21476006DAE8C /* range.jpg */,
				EB4D1AEF24D21476006DAE8C /* vanity-fair.jpg */,
				EB4D1AF424D21476006DAE8C /* weight-of-glory.jpg */,
			);
			path = SampleData;
			sourceTree = "<group>";
		};
		EB4D1AFF24D214A3006DAE8C /* Models */ = {
			isa = PBXGroup;
			children = (
				EB4D1B0024D214B0006DAE8C /* Book.swift */,
				EBC0798724E8453F00BDD546 /* Token.swift */,
			);
			path = Models;
			sourceTree = "<group>";
		};
		EB4D1B0224D214DB006DAE8C /* Books */ = {
			isa = PBXGroup;
			children = (
				EB4D1B0324D214EC006DAE8C /* BookCard.swift */,
				EB4D1B0424D214EC006DAE8C /* BookDetail.swift */,
				EB4D1B0524D214EC006DAE8C /* BookList.swift */,
				EBBC4AE824DA5F6C0005E46E /* BooksView.swift */,
			);
			path = Books;
			sourceTree = "<group>";
		};
		EB4D1B0B24D214FD006DAE8C /* Home */ = {
			isa = PBXGroup;
			children = (
				EB62983724D21AA70008C43B /* Home.swift */,
			);
			path = Home;
			sourceTree = "<group>";
		};
		EB6086DB24D7B21C00E06CFC /* Library */ = {
			isa = PBXGroup;
			children = (
				EB6086DC24D7B24C00E06CFC /* LibraryView.swift */,
				EB13F34924D66FE900556794 /* ThisYearView.swift */,
				EB17F15B24DF453E00DBEC3A /* YearCard.swift */,
				EB17F15E24DF492F00DBEC3A /* YearlySummaryView.swift */,
			);
			path = Library;
			sourceTree = "<group>";
		};
		EBBA413E24E2312900D49A84 /* Utils */ = {
			isa = PBXGroup;
			children = (
				EBBA413F24E2314100D49A84 /* ColorExtensions.swift */,
			);
			path = Utils;
			sourceTree = "<group>";
		};
		EBC0798024E8312800BDD546 /* API */ = {
			isa = PBXGroup;
			children = (
				EBC0798424E8335900BDD546 /* APIConstants.swift */,
				EBC0798124E8314300BDD546 /* TokenAPI.swift */,
			);
			path = API;
			sourceTree = "<group>";
		};
		EBC0798A24E849D100BDD546 /* Login */ = {
			isa = PBXGroup;
			children = (
				EBC0798B24E849E200BDD546 /* LoginView.swift */,
			);
			path = Login;
			sourceTree = "<group>";
		};
/* End PBXGroup section */

/* Begin PBXNativeTarget section */
		EB4D1AB324D21328006DAE8C /* EsthersBooks (iOS) */ = {
			isa = PBXNativeTarget;
			buildConfigurationList = EB4D1ADE24D21328006DAE8C /* Build configuration list for PBXNativeTarget "EsthersBooks (iOS)" */;
			buildPhases = (
				EB4D1AB024D21328006DAE8C /* Sources */,
				EB4D1AB124D21328006DAE8C /* Frameworks */,
				EB4D1AB224D21328006DAE8C /* Resources */,
			);
			buildRules = (
			);
			dependencies = (
			);
			name = "EsthersBooks (iOS)";
			productName = "EsthersBooks (iOS)";
			productReference = EB4D1AB424D21328006DAE8C /* EsthersBooks.app */;
			productType = "com.apple.product-type.application";
		};
		EB4D1ABB24D21328006DAE8C /* EsthersBooks (macOS) */ = {
			isa = PBXNativeTarget;
			buildConfigurationList = EB4D1AE124D21328006DAE8C /* Build configuration list for PBXNativeTarget "EsthersBooks (macOS)" */;
			buildPhases = (
				EB4D1AB824D21328006DAE8C /* Sources */,
				EB4D1AB924D21328006DAE8C /* Frameworks */,
				EB4D1ABA24D21328006DAE8C /* Resources */,
			);
			buildRules = (
			);
			dependencies = (
			);
			name = "EsthersBooks (macOS)";
			productName = "EsthersBooks (macOS)";
			productReference = EB4D1ABC24D21328006DAE8C /* EsthersBooks.app */;
			productType = "com.apple.product-type.application";
		};
		EB4D1AC324D21328006DAE8C /* Tests iOS */ = {
			isa = PBXNativeTarget;
			buildConfigurationList = EB4D1AE424D21328006DAE8C /* Build configuration list for PBXNativeTarget "Tests iOS" */;
			buildPhases = (
				EB4D1AC024D21328006DAE8C /* Sources */,
				EB4D1AC124D21328006DAE8C /* Frameworks */,
				EB4D1AC224D21328006DAE8C /* Resources */,
			);
			buildRules = (
			);
			dependencies = (
				EB4D1AC624D21328006DAE8C /* PBXTargetDependency */,
			);
			name = "Tests iOS";
			productName = "Tests iOS";
			productReference = EB4D1AC424D21328006DAE8C /* Tests iOS.xctest */;
			productType = "com.apple.product-type.bundle.ui-testing";
		};
		EB4D1ACE24D21328006DAE8C /* Tests macOS */ = {
			isa = PBXNativeTarget;
			buildConfigurationList = EB4D1AE724D21328006DAE8C /* Build configuration list for PBXNativeTarget "Tests macOS" */;
			buildPhases = (
				EB4D1ACB24D21328006DAE8C /* Sources */,
				EB4D1ACC24D21328006DAE8C /* Frameworks */,
				EB4D1ACD24D21328006DAE8C /* Resources */,
			);
			buildRules = (
			);
			dependencies = (
				EB4D1AD124D21328006DAE8C /* PBXTargetDependency */,
			);
			name = "Tests macOS";
			productName = "Tests macOS";
			productReference = EB4D1ACF24D21328006DAE8C /* Tests macOS.xctest */;
			productType = "com.apple.product-type.bundle.ui-testing";
		};
/* End PBXNativeTarget section */

/* Begin PBXProject section */
		EB4D1AA824D21328006DAE8C /* Project object */ = {
			isa = PBXProject;
			attributes = {
				LastSwiftUpdateCheck = 1200;
				LastUpgradeCheck = 1200;
				TargetAttributes = {
					EB4D1AB324D21328006DAE8C = {
						CreatedOnToolsVersion = 12.0;
					};
					EB4D1ABB24D21328006DAE8C = {
						CreatedOnToolsVersion = 12.0;
					};
					EB4D1AC324D21328006DAE8C = {
						CreatedOnToolsVersion = 12.0;
						TestTargetID = EB4D1AB324D21328006DAE8C;
					};
					EB4D1ACE24D21328006DAE8C = {
						CreatedOnToolsVersion = 12.0;
						TestTargetID = EB4D1ABB24D21328006DAE8C;
					};
				};
			};
			buildConfigurationList = EB4D1AAB24D21328006DAE8C /* Build configuration list for PBXProject "EsthersBooks" */;
			compatibilityVersion = "Xcode 9.3";
			developmentRegion = en;
			hasScannedForEncodings = 0;
			knownRegions = (
				en,
				Base,
			);
			mainGroup = EB4D1AA724D21328006DAE8C;
			productRefGroup = EB4D1AB524D21328006DAE8C /* Products */;
			projectDirPath = "";
			projectRoot = "";
			targets = (
				EB4D1AB324D21328006DAE8C /* EsthersBooks (iOS) */,
				EB4D1ABB24D21328006DAE8C /* EsthersBooks (macOS) */,
				EB4D1AC324D21328006DAE8C /* Tests iOS */,
				EB4D1ACE24D21328006DAE8C /* Tests macOS */,
			);
		};
/* End PBXProject section */

/* Begin PBXResourcesBuildPhase section */
		EB4D1AB224D21328006DAE8C /* Resources */ = {
			isa = PBXResourcesBuildPhase;
			buildActionMask = 2147483647;
			files = (
				EB4D1AF824D21476006DAE8C /* vanity-fair.jpg in Resources */,
				EB4D1AFA24D21476006DAE8C /* justice-awakening.jpg in Resources */,
				EB4D1AFE24D21476006DAE8C /* prodigal-prophet.jpg in Resources */,
				EB4D1AF624D21476006DAE8C /* sampleBooks.json in Resources */,
				EB4D1AFD24D21476006DAE8C /* weight-of-glory.jpg in Resources */,
				EB4D1AF924D21476006DAE8C /* 12-rules-for-life.jpg in Resources */,
				EB4D1AF724D21476006DAE8C /* range.jpg in Resources */,
				EB4D1AFC24D21476006DAE8C /* radical-candor.jpg in Resources */,
				EB4D1ADA24D21328006DAE8C /* Assets.xcassets in Resources */,
				EB4D1AFB24D21476006DAE8C /* antiracist.jpg in Resources */,
			);
			runOnlyForDeploymentPostprocessing = 0;
		};
		EB4D1ABA24D21328006DAE8C /* Resources */ = {
			isa = PBXResourcesBuildPhase;
			buildActionMask = 2147483647;
			files = (
				EB62984624D21AEB0008C43B /* vanity-fair.jpg in Resources */,
				EB62984824D21AEB0008C43B /* range.jpg in Resources */,
				EB62984424D21AEB0008C43B /* weight-of-glory.jpg in Resources */,
				EB4D1ADB24D21328006DAE8C /* Assets.xcassets in Resources */,
				EB62984724D21AEB0008C43B /* sampleBooks.json in Resources */,
				EB62984224D21AEB0008C43B /* radical-candor.jpg in Resources */,
				EB62984324D21AEB0008C43B /* 12-rules-for-life.jpg in Resources */,
				EB62984124D21AEB0008C43B /* prodigal-prophet.jpg in Resources */,
				EB62984024D21AEB0008C43B /* justice-awakening.jpg in Resources */,
				EB62984524D21AEB0008C43B /* antiracist.jpg in Resources */,
			);
			runOnlyForDeploymentPostprocessing = 0;
		};
		EB4D1AC224D21328006DAE8C /* Resources */ = {
			isa = PBXResourcesBuildPhase;
			buildActionMask = 2147483647;
			files = (
			);
			runOnlyForDeploymentPostprocessing = 0;
		};
		EB4D1ACD24D21328006DAE8C /* Resources */ = {
			isa = PBXResourcesBuildPhase;
			buildActionMask = 2147483647;
			files = (
			);
			runOnlyForDeploymentPostprocessing = 0;
		};
/* End PBXResourcesBuildPhase section */

/* Begin PBXSourcesBuildPhase section */
		EB4D1AB024D21328006DAE8C /* Sources */ = {
			isa = PBXSourcesBuildPhase;
			buildActionMask = 2147483647;
			files = (
				EB4D1B0924D214EC006DAE8C /* BookList.swift in Sources */,
				EB13F34A24D66FE900556794 /* ThisYearView.swift in Sources */,
				EB4D1AEC24D2146C006DAE8C /* SampleData.swift in Sources */,
				EBBC4AE924DA5F6C0005E46E /* BooksView.swift in Sources */,
				EB17F15C24DF453E00DBEC3A /* YearCard.swift in Sources */,
				EBBA414024E2314100D49A84 /* ColorExtensions.swift in Sources */,
				EBC0798224E8314300BDD546 /* TokenAPI.swift in Sources */,
				EBC0798824E8453F00BDD546 /* Token.swift in Sources */,
				EB6086DD24D7B24C00E06CFC /* LibraryView.swift in Sources */,
				EB4D1AD624D21328006DAE8C /* EsthersBooksApp.swift in Sources */,
				EBC0798C24E849E200BDD546 /* LoginView.swift in Sources */,
				EB4D1B0124D214B0006DAE8C /* Book.swift in Sources */,
				EB4D1B0724D214EC006DAE8C /* BookCard.swift in Sources */,
				EBC0798524E8335900BDD546 /* APIConstants.swift in Sources */,
				EB62983824D21AA70008C43B /* Home.swift in Sources */,
				EB17F15F24DF492F00DBEC3A /* YearlySummaryView.swift in Sources */,
				EB4D1B0824D214EC006DAE8C /* BookDetail.swift in Sources */,
			);
			runOnlyForDeploymentPostprocessing = 0;
		};
		EB4D1AB824D21328006DAE8C /* Sources */ = {
			isa = PBXSourcesBuildPhase;
			buildActionMask = 2147483647;
			files = (
				EB62983924D21AD70008C43B /* BookList.swift in Sources */,
				EB13F34B24D66FE900556794 /* ThisYearView.swift in Sources */,
				EBBC4AEA24DA5F6C0005E46E /* BooksView.swift in Sources */,
				EB6086DE24D7B24C00E06CFC /* LibraryView.swift in Sources */,
				EB17F15D24DF453E00DBEC3A /* YearCard.swift in Sources */,
				EB62983E24D21ADD0008C43B /* Book.swift in Sources */,
				EBC0798324E8314300BDD546 /* TokenAPI.swift in Sources */,
				EBC0798924E8453F00BDD546 /* Token.swift in Sources */,
				EB4D1AD724D21328006DAE8C /* EsthersBooksApp.swift in Sources */,
				EB62983A24D21AD70008C43B /* BookDetail.swift in Sources */,
				EBC0798D24E849E200BDD546 /* LoginView.swift in Sources */,
				EB62983D24D21ADA0008C43B /* Home.swift in Sources */,
				EB62983B24D21AD70008C43B /* BookCard.swift in Sources */,
				EBC0798624E8335900BDD546 /* APIConstants.swift in Sources */,
				EB17F16024DF492F00DBEC3A /* YearlySummaryView.swift in Sources */,
				EB62983F24D21AE20008C43B /* SampleData.swift in Sources */,
				EBBA414424E241E500D49A84 /* ColorExtensions.swift in Sources */,
			);
			runOnlyForDeploymentPostprocessing = 0;
		};
		EB4D1AC024D21328006DAE8C /* Sources */ = {
			isa = PBXSourcesBuildPhase;
			buildActionMask = 2147483647;
			files = (
				EB4D1AC924D21328006DAE8C /* Tests_iOS.swift in Sources */,
			);
			runOnlyForDeploymentPostprocessing = 0;
		};
		EB4D1ACB24D21328006DAE8C /* Sources */ = {
			isa = PBXSourcesBuildPhase;
			buildActionMask = 2147483647;
			files = (
				EB4D1AD424D21328006DAE8C /* Tests_macOS.swift in Sources */,
			);
			runOnlyForDeploymentPostprocessing = 0;
		};
/* End PBXSourcesBuildPhase section */

/* Begin PBXTargetDependency section */
		EB4D1AC624D21328006DAE8C /* PBXTargetDependency */ = {
			isa = PBXTargetDependency;
			target = EB4D1AB324D21328006DAE8C /* EsthersBooks (iOS) */;
			targetProxy = EB4D1AC524D21328006DAE8C /* PBXContainerItemProxy */;
		};
		EB4D1AD124D21328006DAE8C /* PBXTargetDependency */ = {
			isa = PBXTargetDependency;
			target = EB4D1ABB24D21328006DAE8C /* EsthersBooks (macOS) */;
			targetProxy = EB4D1AD024D21328006DAE8C /* PBXContainerItemProxy */;
		};
/* End PBXTargetDependency section */

/* Begin XCBuildConfiguration section */
		EB4D1ADC24D21328006DAE8C /* Debug */ = {
			isa = XCBuildConfiguration;
			buildSettings = {
				ALWAYS_SEARCH_USER_PATHS = NO;
				CLANG_ANALYZER_NONNULL = YES;
				CLANG_ANALYZER_NUMBER_OBJECT_CONVERSION = YES_AGGRESSIVE;
				CLANG_CXX_LANGUAGE_STANDARD = "gnu++14";
				CLANG_CXX_LIBRARY = "libc++";
				CLANG_ENABLE_MODULES = YES;
				CLANG_ENABLE_OBJC_ARC = YES;
				CLANG_ENABLE_OBJC_WEAK = YES;
				CLANG_WARN_BLOCK_CAPTURE_AUTORELEASING = YES;
				CLANG_WARN_BOOL_CONVERSION = YES;
				CLANG_WARN_COMMA = YES;
				CLANG_WARN_CONSTANT_CONVERSION = YES;
				CLANG_WARN_DEPRECATED_OBJC_IMPLEMENTATIONS = YES;
				CLANG_WARN_DIRECT_OBJC_ISA_USAGE = YES_ERROR;
				CLANG_WARN_DOCUMENTATION_COMMENTS = YES;
				CLANG_WARN_EMPTY_BODY = YES;
				CLANG_WARN_ENUM_CONVERSION = YES;
				CLANG_WARN_INFINITE_RECURSION = YES;
				CLANG_WARN_INT_CONVERSION = YES;
				CLANG_WARN_NON_LITERAL_NULL_CONVERSION = YES;
				CLANG_WARN_OBJC_IMPLICIT_RETAIN_SELF = YES;
				CLANG_WARN_OBJC_LITERAL_CONVERSION = YES;
				CLANG_WARN_OBJC_ROOT_CLASS = YES_ERROR;
				CLANG_WARN_QUOTED_INCLUDE_IN_FRAMEWORK_HEADER = YES;
				CLANG_WARN_RANGE_LOOP_ANALYSIS = YES;
				CLANG_WARN_STRICT_PROTOTYPES = YES;
				CLANG_WARN_SUSPICIOUS_MOVE = YES;
				CLANG_WARN_UNGUARDED_AVAILABILITY = YES_AGGRESSIVE;
				CLANG_WARN_UNREACHABLE_CODE = YES;
				CLANG_WARN__DUPLICATE_METHOD_MATCH = YES;
				COPY_PHASE_STRIP = NO;
				DEBUG_INFORMATION_FORMAT = dwarf;
				ENABLE_STRICT_OBJC_MSGSEND = YES;
				ENABLE_TESTABILITY = YES;
				GCC_C_LANGUAGE_STANDARD = gnu11;
				GCC_DYNAMIC_NO_PIC = NO;
				GCC_NO_COMMON_BLOCKS = YES;
				GCC_OPTIMIZATION_LEVEL = 0;
				GCC_PREPROCESSOR_DEFINITIONS = (
					"DEBUG=1",
					"$(inherited)",
				);
				GCC_WARN_64_TO_32_BIT_CONVERSION = YES;
				GCC_WARN_ABOUT_RETURN_TYPE = YES_ERROR;
				GCC_WARN_UNDECLARED_SELECTOR = YES;
				GCC_WARN_UNINITIALIZED_AUTOS = YES_AGGRESSIVE;
				GCC_WARN_UNUSED_FUNCTION = YES;
				GCC_WARN_UNUSED_VARIABLE = YES;
				MTL_ENABLE_DEBUG_INFO = INCLUDE_SOURCE;
				MTL_FAST_MATH = YES;
				ONLY_ACTIVE_ARCH = YES;
				SWIFT_ACTIVE_COMPILATION_CONDITIONS = DEBUG;
				SWIFT_OPTIMIZATION_LEVEL = "-Onone";
			};
			name = Debug;
		};
		EB4D1ADD24D21328006DAE8C /* Release */ = {
			isa = XCBuildConfiguration;
			buildSettings = {
				ALWAYS_SEARCH_USER_PATHS = NO;
				CLANG_ANALYZER_NONNULL = YES;
				CLANG_ANALYZER_NUMBER_OBJECT_CONVERSION = YES_AGGRESSIVE;
				CLANG_CXX_LANGUAGE_STANDARD = "gnu++14";
				CLANG_CXX_LIBRARY = "libc++";
				CLANG_ENABLE_MODULES = YES;
				CLANG_ENABLE_OBJC_ARC = YES;
				CLANG_ENABLE_OBJC_WEAK = YES;
				CLANG_WARN_BLOCK_CAPTURE_AUTORELEASING = YES;
				CLANG_WARN_BOOL_CONVERSION = YES;
				CLANG_WARN_COMMA = YES;
				CLANG_WARN_CONSTANT_CONVERSION = YES;
				CLANG_WARN_DEPRECATED_OBJC_IMPLEMENTATIONS = YES;
				CLANG_WARN_DIRECT_OBJC_ISA_USAGE = YES_ERROR;
				CLANG_WARN_DOCUMENTATION_COMMENTS = YES;
				CLANG_WARN_EMPTY_BODY = YES;
				CLANG_WARN_ENUM_CONVERSION = YES;
				CLANG_WARN_INFINITE_RECURSION = YES;
				CLANG_WARN_INT_CONVERSION = YES;
				CLANG_WARN_NON_LITERAL_NULL_CONVERSION = YES;
				CLANG_WARN_OBJC_IMPLICIT_RETAIN_SELF = YES;
				CLANG_WARN_OBJC_LITERAL_CONVERSION = YES;
				CLANG_WARN_OBJC_ROOT_CLASS = YES_ERROR;
				CLANG_WARN_QUOTED_INCLUDE_IN_FRAMEWORK_HEADER = YES;
				CLANG_WARN_RANGE_LOOP_ANALYSIS = YES;
				CLANG_WARN_STRICT_PROTOTYPES = YES;
				CLANG_WARN_SUSPICIOUS_MOVE = YES;
				CLANG_WARN_UNGUARDED_AVAILABILITY = YES_AGGRESSIVE;
				CLANG_WARN_UNREACHABLE_CODE = YES;
				CLANG_WARN__DUPLICATE_METHOD_MATCH = YES;
				COPY_PHASE_STRIP = NO;
				DEBUG_INFORMATION_FORMAT = "dwarf-with-dsym";
				ENABLE_NS_ASSERTIONS = NO;
				ENABLE_STRICT_OBJC_MSGSEND = YES;
				GCC_C_LANGUAGE_STANDARD = gnu11;
				GCC_NO_COMMON_BLOCKS = YES;
				GCC_WARN_64_TO_32_BIT_CONVERSION = YES;
				GCC_WARN_ABOUT_RETURN_TYPE = YES_ERROR;
				GCC_WARN_UNDECLARED_SELECTOR = YES;
				GCC_WARN_UNINITIALIZED_AUTOS = YES_AGGRESSIVE;
				GCC_WARN_UNUSED_FUNCTION = YES;
				GCC_WARN_UNUSED_VARIABLE = YES;
				MTL_ENABLE_DEBUG_INFO = NO;
				MTL_FAST_MATH = YES;
				SWIFT_COMPILATION_MODE = wholemodule;
				SWIFT_OPTIMIZATION_LEVEL = "-O";
			};
			name = Release;
		};
		EB4D1ADF24D21328006DAE8C /* Debug */ = {
			isa = XCBuildConfiguration;
			buildSettings = {
				ASSETCATALOG_COMPILER_APPICON_NAME = AppIcon;
				ASSETCATALOG_COMPILER_GLOBAL_ACCENT_COLOR_NAME = AccentColor;
				CODE_SIGN_STYLE = Automatic;
				DEVELOPMENT_TEAM = 2SQCB8N94B;
				ENABLE_PREVIEWS = YES;
				INFOPLIST_FILE = iOS/Info.plist;
				IPHONEOS_DEPLOYMENT_TARGET = 14.0;
				LD_RUNPATH_SEARCH_PATHS = (
					"$(inherited)",
					"@executable_path/Frameworks",
				);
				PRODUCT_BUNDLE_IDENTIFIER = tech.esthermakes.EsthersBooks;
				PRODUCT_NAME = EsthersBooks;
				SDKROOT = iphoneos;
				SWIFT_VERSION = 5.0;
				TARGETED_DEVICE_FAMILY = "1,2";
			};
			name = Debug;
		};
		EB4D1AE024D21328006DAE8C /* Release */ = {
			isa = XCBuildConfiguration;
			buildSettings = {
				ASSETCATALOG_COMPILER_APPICON_NAME = AppIcon;
				ASSETCATALOG_COMPILER_GLOBAL_ACCENT_COLOR_NAME = AccentColor;
				CODE_SIGN_STYLE = Automatic;
				DEVELOPMENT_TEAM = 2SQCB8N94B;
				ENABLE_PREVIEWS = YES;
				INFOPLIST_FILE = iOS/Info.plist;
				IPHONEOS_DEPLOYMENT_TARGET = 14.0;
				LD_RUNPATH_SEARCH_PATHS = (
					"$(inherited)",
					"@executable_path/Frameworks",
				);
				PRODUCT_BUNDLE_IDENTIFIER = tech.esthermakes.EsthersBooks;
				PRODUCT_NAME = EsthersBooks;
				SDKROOT = iphoneos;
				SWIFT_VERSION = 5.0;
				TARGETED_DEVICE_FAMILY = "1,2";
				VALIDATE_PRODUCT = YES;
			};
			name = Release;
		};
		EB4D1AE224D21328006DAE8C /* Debug */ = {
			isa = XCBuildConfiguration;
			buildSettings = {
				ASSETCATALOG_COMPILER_APPICON_NAME = AppIcon;
				ASSETCATALOG_COMPILER_GLOBAL_ACCENT_COLOR_NAME = AccentColor;
				CODE_SIGN_ENTITLEMENTS = macOS/macOS.entitlements;
				CODE_SIGN_STYLE = Automatic;
				COMBINE_HIDPI_IMAGES = YES;
				DEVELOPMENT_TEAM = 2SQCB8N94B;
				ENABLE_HARDENED_RUNTIME = YES;
				ENABLE_PREVIEWS = YES;
				INFOPLIST_FILE = macOS/Info.plist;
				LD_RUNPATH_SEARCH_PATHS = (
					"$(inherited)",
					"@executable_path/../Frameworks",
				);
				MACOSX_DEPLOYMENT_TARGET = 11.0;
				PRODUCT_BUNDLE_IDENTIFIER = tech.esthermakes.EsthersBooks;
				PRODUCT_NAME = EsthersBooks;
				SDKROOT = macosx;
				SWIFT_VERSION = 5.0;
			};
			name = Debug;
		};
		EB4D1AE324D21328006DAE8C /* Release */ = {
			isa = XCBuildConfiguration;
			buildSettings = {
				ASSETCATALOG_COMPILER_APPICON_NAME = AppIcon;
				ASSETCATALOG_COMPILER_GLOBAL_ACCENT_COLOR_NAME = AccentColor;
				CODE_SIGN_ENTITLEMENTS = macOS/macOS.entitlements;
				CODE_SIGN_STYLE = Automatic;
				COMBINE_HIDPI_IMAGES = YES;
				DEVELOPMENT_TEAM = 2SQCB8N94B;
				ENABLE_HARDENED_RUNTIME = YES;
				ENABLE_PREVIEWS = YES;
				INFOPLIST_FILE = macOS/Info.plist;
				LD_RUNPATH_SEARCH_PATHS = (
					"$(inherited)",
					"@executable_path/../Frameworks",
				);
				MACOSX_DEPLOYMENT_TARGET = 11.0;
				PRODUCT_BUNDLE_IDENTIFIER = tech.esthermakes.EsthersBooks;
				PRODUCT_NAME = EsthersBooks;
				SDKROOT = macosx;
				SWIFT_VERSION = 5.0;
			};
			name = Release;
		};
		EB4D1AE524D21328006DAE8C /* Debug */ = {
			isa = XCBuildConfiguration;
			buildSettings = {
				ALWAYS_EMBED_SWIFT_STANDARD_LIBRARIES = YES;
				CODE_SIGN_STYLE = Automatic;
				DEVELOPMENT_TEAM = 2SQCB8N94B;
				INFOPLIST_FILE = "Tests iOS/Info.plist";
				IPHONEOS_DEPLOYMENT_TARGET = 14.0;
				LD_RUNPATH_SEARCH_PATHS = (
					"$(inherited)",
					"@executable_path/Frameworks",
					"@loader_path/Frameworks",
				);
				PRODUCT_BUNDLE_IDENTIFIER = "tech.esthermakes.Tests-iOS";
				PRODUCT_NAME = "$(TARGET_NAME)";
				SDKROOT = iphoneos;
				SWIFT_VERSION = 5.0;
				TARGETED_DEVICE_FAMILY = "1,2";
				TEST_TARGET_NAME = "EsthersBooks (iOS)";
			};
			name = Debug;
		};
		EB4D1AE624D21328006DAE8C /* Release */ = {
			isa = XCBuildConfiguration;
			buildSettings = {
				ALWAYS_EMBED_SWIFT_STANDARD_LIBRARIES = YES;
				CODE_SIGN_STYLE = Automatic;
				DEVELOPMENT_TEAM = 2SQCB8N94B;
				INFOPLIST_FILE = "Tests iOS/Info.plist";
				IPHONEOS_DEPLOYMENT_TARGET = 14.0;
				LD_RUNPATH_SEARCH_PATHS = (
					"$(inherited)",
					"@executable_path/Frameworks",
					"@loader_path/Frameworks",
				);
				PRODUCT_BUNDLE_IDENTIFIER = "tech.esthermakes.Tests-iOS";
				PRODUCT_NAME = "$(TARGET_NAME)";
				SDKROOT = iphoneos;
				SWIFT_VERSION = 5.0;
				TARGETED_DEVICE_FAMILY = "1,2";
				TEST_TARGET_NAME = "EsthersBooks (iOS)";
				VALIDATE_PRODUCT = YES;
			};
			name = Release;
		};
		EB4D1AE824D21328006DAE8C /* Debug */ = {
			isa = XCBuildConfiguration;
			buildSettings = {
				ALWAYS_EMBED_SWIFT_STANDARD_LIBRARIES = YES;
				CODE_SIGN_STYLE = Automatic;
				COMBINE_HIDPI_IMAGES = YES;
				DEVELOPMENT_TEAM = 2SQCB8N94B;
				INFOPLIST_FILE = "Tests macOS/Info.plist";
				LD_RUNPATH_SEARCH_PATHS = (
					"$(inherited)",
					"@executable_path/../Frameworks",
					"@loader_path/../Frameworks",
				);
				MACOSX_DEPLOYMENT_TARGET = 11.0;
				PRODUCT_BUNDLE_IDENTIFIER = "tech.esthermakes.Tests-macOS";
				PRODUCT_NAME = "$(TARGET_NAME)";
				SDKROOT = macosx;
				SWIFT_VERSION = 5.0;
				TEST_TARGET_NAME = "EsthersBooks (macOS)";
			};
			name = Debug;
		};
		EB4D1AE924D21328006DAE8C /* Release */ = {
			isa = XCBuildConfiguration;
			buildSettings = {
				ALWAYS_EMBED_SWIFT_STANDARD_LIBRARIES = YES;
				CODE_SIGN_STYLE = Automatic;
				COMBINE_HIDPI_IMAGES = YES;
				DEVELOPMENT_TEAM = 2SQCB8N94B;
				INFOPLIST_FILE = "Tests macOS/Info.plist";
				LD_RUNPATH_SEARCH_PATHS = (
					"$(inherited)",
					"@executable_path/../Frameworks",
					"@loader_path/../Frameworks",
				);
				MACOSX_DEPLOYMENT_TARGET = 11.0;
				PRODUCT_BUNDLE_IDENTIFIER = "tech.esthermakes.Tests-macOS";
				PRODUCT_NAME = "$(TARGET_NAME)";
				SDKROOT = macosx;
				SWIFT_VERSION = 5.0;
				TEST_TARGET_NAME = "EsthersBooks (macOS)";
			};
			name = Release;
		};
/* End XCBuildConfiguration section */

/* Begin XCConfigurationList section */
		EB4D1AAB24D21328006DAE8C /* Build configuration list for PBXProject "EsthersBooks" */ = {
			isa = XCConfigurationList;
			buildConfigurations = (
				EB4D1ADC24D21328006DAE8C /* Debug */,
				EB4D1ADD24D21328006DAE8C /* Release */,
			);
			defaultConfigurationIsVisible = 0;
			defaultConfigurationName = Release;
		};
		EB4D1ADE24D21328006DAE8C /* Build configuration list for PBXNativeTarget "EsthersBooks (iOS)" */ = {
			isa = XCConfigurationList;
			buildConfigurations = (
				EB4D1ADF24D21328006DAE8C /* Debug */,
				EB4D1AE024D21328006DAE8C /* Release */,
			);
			defaultConfigurationIsVisible = 0;
			defaultConfigurationName = Release;
		};
		EB4D1AE124D21328006DAE8C /* Build configuration list for PBXNativeTarget "EsthersBooks (macOS)" */ = {
			isa = XCConfigurationList;
			buildConfigurations = (
				EB4D1AE224D21328006DAE8C /* Debug */,
				EB4D1AE324D21328006DAE8C /* Release */,
			);
			defaultConfigurationIsVisible = 0;
			defaultConfigurationName = Release;
		};
		EB4D1AE424D21328006DAE8C /* Build configuration list for PBXNativeTarget "Tests iOS" */ = {
			isa = XCConfigurationList;
			buildConfigurations = (
				EB4D1AE524D21328006DAE8C /* Debug */,
				EB4D1AE624D21328006DAE8C /* Release */,
			);
			defaultConfigurationIsVisible = 0;
			defaultConfigurationName = Release;
		};
		EB4D1AE724D21328006DAE8C /* Build configuration list for PBXNativeTarget "Tests macOS" */ = {
			isa = XCConfigurationList;
			buildConfigurations = (
				EB4D1AE824D21328006DAE8C /* Debug */,
				EB4D1AE924D21328006DAE8C /* Release */,
			);
			defaultConfigurationIsVisible = 0;
			defaultConfigurationName = Release;
		};
/* End XCConfigurationList section */
	};
	rootObject = EB4D1AA824D21328006DAE8C /* Project object */;
}
